
Microsoft Visual Studio Solution File, Format Version 12.00
# Visual Studio 2012
Project("{FAE04EC0-301F-11D3-BF4B-00C04F79EFBC}") = "PowerShellCodeDomProvider", "PowerShellCodeDomProvider\PowerShellCodeDomProvider.csproj", "{BDAF483F-78BD-415F-98F2-D94593482081}"
EndProject
Project("{FAE04EC0-301F-11D3-BF4B-00C04F79EFBC}") = "PowerShellCodeDomProvider.Test", "PowerSHellCodeDomProvider.Test\PowerShellCodeDomProvider.Test.csproj", "{1E0DC658-AD35-4DD0-94EE-45190869CFCD}"
EndProject
Project("{2150E333-8FDC-42A3-9474-1A3956D46DE8}") = ".nuget", ".nuget", "{80FB940F-D8C4-47B7-9815-9DF9C085D3AF}"
	ProjectSection(SolutionItems) = preProject
		.nuget\NuGet.Config = .nuget\NuGet.Config
		.nuget\NuGet.exe = .nuget\NuGet.exe
		.nuget\NuGet.targets = .nuget\NuGet.targets
	EndProjectSection
EndProject
Global
	GlobalSection(SolutionConfigurationPlatforms) = preSolution
		Debug|Any CPU = Debug|Any CPU
		Release|Any CPU = Release|Any CPU
	EndGlobalSection
	GlobalSection(ProjectConfigurationPlatforms) = postSolution
		{BDAF483F-78BD-415F-98F2-D94593482081}.Debug|Any CPU.ActiveCfg = Debug|Any CPU
		{BDAF483F-78BD-415F-98F2-D94593482081}.Debug|Any CPU.Build.0 = Debug|Any CPU
		{BDAF483F-78BD-415F-98F2-D94593482081}.Release|Any CPU.ActiveCfg = Release|Any CPU
		{BDAF483F-78BD-415F-98F2-D94593482081}.Release|Any CPU.Build.0 = Release|Any CPU
		{1E0DC658-AD35-4DD0-94EE-45190869CFCD}.Debug|Any CPU.ActiveCfg = Debug|Any CPU
		{1E0DC658-AD35-4DD0-94EE-45190869CFCD}.Debug|Any CPU.Build.0 = Debug|Any CPU
		{1E0DC658-AD35-4DD0-94EE-45190869CFCD}.Release|Any CPU.ActiveCfg = Release|Any CPU
		{1E0DC658-AD35-4DD0-94EE-45190869CFCD}.Release|Any CPU.Build.0 = Release|Any CPU
	EndGlobalSection
	GlobalSection(SolutionProperties) = preSolution
		HideSolutionNode = FALSE
	EndGlobalSection
EndGlobal
